
Microsoft Visual Studio Solution File, Format Version 12.00
# Visual Studio Version 17
VisualStudioVersion = 17.12.35707.178
MinimumVisualStudioVersion = 10.0.40219.1
Project("{FAE04EC0-301F-11D3-BF4B-00C04F79EFBC}") = "MinecraftManager", "MinecraftManager\MinecraftManager.csproj", "{807CA63B-FE23-4A4D-948E-7B36CDCAA285}"
EndProject
Project("{FAE04EC0-301F-11D3-BF4B-00C04F79EFBC}") = "MinecraftForm", "MinecraftForm\MinecraftForm.csproj", "{72C10B2F-8EBE-4AF3-9CAB-F3B670667CE0}"
EndProject
Global
	GlobalSection(SolutionConfigurationPlatforms) = preSolution
		Debug|Any CPU = Debug|Any CPU
		Release|Any CPU = Release|Any CPU
	EndGlobalSection
	GlobalSection(ProjectConfigurationPlatforms) = postSolution
		{807CA63B-FE23-4A4D-948E-7B36CDCAA285}.Debug|Any CPU.ActiveCfg = Debug|Any CPU
		{807CA63B-FE23-4A4D-948E-7B36CDCAA285}.Debug|Any CPU.Build.0 = Debug|Any CPU
		{807CA63B-FE23-4A4D-948E-7B36CDCAA285}.Release|Any CPU.ActiveCfg = Release|Any CPU
		{807CA63B-FE23-4A4D-948E-7B36CDCAA285}.Release|Any CPU.Build.0 = Release|Any CPU
		{72C10B2F-8EBE-4AF3-9CAB-F3B670667CE0}.Debug|Any CPU.ActiveCfg = Debug|Any CPU
		{72C10B2F-8EBE-4AF3-9CAB-F3B670667CE0}.Debug|Any CPU.Build.0 = Debug|Any CPU
		{72C10B2F-8EBE-4AF3-9CAB-F3B670667CE0}.Release|Any CPU.ActiveCfg = Release|Any CPU
		{72C10B2F-8EBE-4AF3-9CAB-F3B670667CE0}.Release|Any CPU.Build.0 = Release|Any CPU
	EndGlobalSection
	GlobalSection(SolutionProperties) = preSolution
		HideSolutionNode = FALSE
	EndGlobalSection
EndGlobal
